// !$*UTF8*$!
{
	archiveVersion = 1;
	classes = {
	};
	objectVersion = 50;
	objects = {

/* Begin PBXBuildFile section */
		F05472C821124062001E775C /* AppDelegate.swift in Sources */ = {isa = PBXBuildFile; fileRef = F05472C721124062001E775C /* AppDelegate.swift */; };
		F05472CA21124062001E775C /* ViewController.swift in Sources */ = {isa = PBXBuildFile; fileRef = F05472C921124062001E775C /* ViewController.swift */; };
		F05472CD21124062001E775C /* Main.storyboard in Resources */ = {isa = PBXBuildFile; fileRef = F05472CB21124062001E775C /* Main.storyboard */; };
		F05472CF21124068001E775C /* Assets.xcassets in Resources */ = {isa = PBXBuildFile; fileRef = F05472CE21124068001E775C /* Assets.xcassets */; };
		F05472D221124068001E775C /* LaunchScreen.storyboard in Resources */ = {isa = PBXBuildFile; fileRef = F05472D021124068001E775C /* LaunchScreen.storyboard */; };
		F05472DA21124360001E775C /* Renderer.swift in Sources */ = {isa = PBXBuildFile; fileRef = F05472D921124360001E775C /* Renderer.swift */; };
		F05472DC211249CB001E775C /* shader.metal in Sources */ = {isa = PBXBuildFile; fileRef = F05472DB211249CB001E775C /* shader.metal */; };
		F05472DE21125816001E775C /* Node.swift in Sources */ = {isa = PBXBuildFile; fileRef = F05472DD21125816001E775C /* Node.swift */; };
		F05472E021125902001E775C /* Plane.swift in Sources */ = {isa = PBXBuildFile; fileRef = F05472DF21125902001E775C /* Plane.swift */; };
		F05472E221125C98001E775C /* Scene.swift in Sources */ = {isa = PBXBuildFile; fileRef = F05472E121125C98001E775C /* Scene.swift */; };
		F05472E421125D05001E775C /* GameScene.swift in Sources */ = {isa = PBXBuildFile; fileRef = F05472E321125D05001E775C /* GameScene.swift */; };
		F05472E8211262C0001E775C /* Types.swift in Sources */ = {isa = PBXBuildFile; fileRef = F05472E7211262C0001E775C /* Types.swift */; };
		F05472EA21126819001E775C /* Renderable.swift in Sources */ = {isa = PBXBuildFile; fileRef = F05472E921126819001E775C /* Renderable.swift */; };
		F05472ED21127112001E775C /* matador2015.jpg in Resources */ = {isa = PBXBuildFile; fileRef = F05472EC21127112001E775C /* matador2015.jpg */; };
		F05472EF21127140001E775C /* Texturable.swift in Sources */ = {isa = PBXBuildFile; fileRef = F05472EE21127140001E775C /* Texturable.swift */; };
		F05472F121127BE0001E775C /* matador.png in Resources */ = {isa = PBXBuildFile; fileRef = F05472F021127BE0001E775C /* matador.png */; };
		F05472F421129046001E775C /* picture-frame-mask.png in Resources */ = {isa = PBXBuildFile; fileRef = F05472F221129046001E775C /* picture-frame-mask.png */; };
		F05472F521129046001E775C /* picture-frame.png in Resources */ = {isa = PBXBuildFile; fileRef = F05472F321129046001E775C /* picture-frame.png */; };
		F05472F721129537001E775C /* MatrixMath.swift in Sources */ = {isa = PBXBuildFile; fileRef = F05472F621129537001E775C /* MatrixMath.swift */; };
		F05472F92114E681001E775C /* mars.jpg in Resources */ = {isa = PBXBuildFile; fileRef = F05472F82114E681001E775C /* mars.jpg */; };
/* End PBXBuildFile section */

/* Begin PBXFileReference section */
		F05472C421124062001E775C /* mtkTest.app */ = {isa = PBXFileReference; explicitFileType = wrapper.application; includeInIndex = 0; path = mtkTest.app; sourceTree = BUILT_PRODUCTS_DIR; };
		F05472C721124062001E775C /* AppDelegate.swift */ = {isa = PBXFileReference; lastKnownFileType = sourcecode.swift; path = AppDelegate.swift; sourceTree = "<group>"; };
		F05472C921124062001E775C /* ViewController.swift */ = {isa = PBXFileReference; lastKnownFileType = sourcecode.swift; path = ViewController.swift; sourceTree = "<group>"; };
		F05472CC21124062001E775C /* Base */ = {isa = PBXFileReference; lastKnownFileType = file.storyboard; name = Base; path = Base.lproj/Main.storyboard; sourceTree = "<group>"; };
		F05472CE21124068001E775C /* Assets.xcassets */ = {isa = PBXFileReference; lastKnownFileType = folder.assetcatalog; path = Assets.xcassets; sourceTree = "<group>"; };
		F05472D121124068001E775C /* Base */ = {isa = PBXFileReference; lastKnownFileType = file.storyboard; name = Base; path = Base.lproj/LaunchScreen.storyboard; sourceTree = "<group>"; };
		F05472D321124068001E775C /* Info.plist */ = {isa = PBXFileReference; lastKnownFileType = text.plist.xml; path = Info.plist; sourceTree = "<group>"; };
		F05472D921124360001E775C /* Renderer.swift */ = {isa = PBXFileReference; lastKnownFileType = sourcecode.swift; path = Renderer.swift; sourceTree = "<group>"; };
		F05472DB211249CB001E775C /* shader.metal */ = {isa = PBXFileReference; lastKnownFileType = sourcecode.metal; path = shader.metal; sourceTree = "<group>"; };
		F05472DD21125816001E775C /* Node.swift */ = {isa = PBXFileReference; lastKnownFileType = sourcecode.swift; path = Node.swift; sourceTree = "<group>"; };
		F05472DF21125902001E775C /* Plane.swift */ = {isa = PBXFileReference; lastKnownFileType = sourcecode.swift; path = Plane.swift; sourceTree = "<group>"; };
		F05472E121125C98001E775C /* Scene.swift */ = {isa = PBXFileReference; lastKnownFileType = sourcecode.swift; path = Scene.swift; sourceTree = "<group>"; };
		F05472E321125D05001E775C /* GameScene.swift */ = {isa = PBXFileReference; lastKnownFileType = sourcecode.swift; path = GameScene.swift; sourceTree = "<group>"; };
		F05472E7211262C0001E775C /* Types.swift */ = {isa = PBXFileReference; lastKnownFileType = sourcecode.swift; path = Types.swift; sourceTree = "<group>"; };
		F05472E921126819001E775C /* Renderable.swift */ = {isa = PBXFileReference; lastKnownFileType = sourcecode.swift; path = Renderable.swift; sourceTree = "<group>"; };
		F05472EC21127112001E775C /* matador2015.jpg */ = {isa = PBXFileReference; lastKnownFileType = image.jpeg; path = matador2015.jpg; sourceTree = "<group>"; };
		F05472EE21127140001E775C /* Texturable.swift */ = {isa = PBXFileReference; lastKnownFileType = sourcecode.swift; path = Texturable.swift; sourceTree = "<group>"; };
		F05472F021127BE0001E775C /* matador.png */ = {isa = PBXFileReference; lastKnownFileType = image.png; path = matador.png; sourceTree = "<group>"; };
		F05472F221129046001E775C /* picture-frame-mask.png */ = {isa = PBXFileReference; lastKnownFileType = image.png; path = "picture-frame-mask.png"; sourceTree = "<group>"; };
		F05472F321129046001E775C /* picture-frame.png */ = {isa = PBXFileReference; lastKnownFileType = image.png; path = "picture-frame.png"; sourceTree = "<group>"; };
		F05472F621129537001E775C /* MatrixMath.swift */ = {isa = PBXFileReference; fileEncoding = 4; lastKnownFileType = sourcecode.swift; name = MatrixMath.swift; path = "../../../Downloads/7 - Matrices/Final/RayBreak/RayBreak/MatrixMath.swift"; sourceTree = "<group>"; };
		F05472F82114E681001E775C /* mars.jpg */ = {isa = PBXFileReference; lastKnownFileType = image.jpeg; path = mars.jpg; sourceTree = "<group>"; };
/* End PBXFileReference section */

/* Begin PBXFrameworksBuildPhase section */
		F05472C121124062001E775C /* Frameworks */ = {
			isa = PBXFrameworksBuildPhase;
			buildActionMask = 2147483647;
			files = (
			);
			runOnlyForDeploymentPostprocessing = 0;
		};
/* End PBXFrameworksBuildPhase section */

/* Begin PBXGroup section */
		F05472BB21124062001E775C = {
			isa = PBXGroup;
			children = (
				F05472C621124062001E775C /* mtkTest */,
				F05472C521124062001E775C /* Products */,
			);
			sourceTree = "<group>";
		};
		F05472C521124062001E775C /* Products */ = {
			isa = PBXGroup;
			children = (
				F05472C421124062001E775C /* mtkTest.app */,
			);
			name = Products;
			sourceTree = "<group>";
		};
		F05472C621124062001E775C /* mtkTest */ = {
			isa = PBXGroup;
			children = (
				F05472C721124062001E775C /* AppDelegate.swift */,
				F05472C921124062001E775C /* ViewController.swift */,
				F05472E7211262C0001E775C /* Types.swift */,
				F05472D921124360001E775C /* Renderer.swift */,
				F05472E521125D87001E775C /* Scenes */,
				F05472E621125D95001E775C /* Nodes */,
				F05472DB211249CB001E775C /* shader.metal */,
				F05472EE21127140001E775C /* Texturable.swift */,
				F05472F621129537001E775C /* MatrixMath.swift */,
				F05472E921126819001E775C /* Renderable.swift */,
				F05472CB21124062001E775C /* Main.storyboard */,
				F05472EB21127112001E775C /* images */,
				F05472CE21124068001E775C /* Assets.xcassets */,
				F05472D021124068001E775C /* LaunchScreen.storyboard */,
				F05472D321124068001E775C /* Info.plist */,
			);
			path = mtkTest;
			sourceTree = "<group>";
		};
		F05472E521125D87001E775C /* Scenes */ = {
			isa = PBXGroup;
			children = (
				F05472E121125C98001E775C /* Scene.swift */,
				F05472E321125D05001E775C /* GameScene.swift */,
			);
			path = Scenes;
			sourceTree = "<group>";
		};
		F05472E621125D95001E775C /* Nodes */ = {
			isa = PBXGroup;
			children = (
				F05472DD21125816001E775C /* Node.swift */,
				F05472DF21125902001E775C /* Plane.swift */,
			);
			path = Nodes;
			sourceTree = "<group>";
		};
		F05472EB21127112001E775C /* images */ = {
			isa = PBXGroup;
			children = (
				F05472F82114E681001E775C /* mars.jpg */,
				F05472F221129046001E775C /* picture-frame-mask.png */,
				F05472F321129046001E775C /* picture-frame.png */,
				F05472F021127BE0001E775C /* matador.png */,
				F05472EC21127112001E775C /* matador2015.jpg */,
			);
			path = images;
			sourceTree = SOURCE_ROOT;
		};
/* End PBXGroup section */

/* Begin PBXNativeTarget section */
		F05472C321124062001E775C /* mtkTest */ = {
			isa = PBXNativeTarget;
			buildConfigurationList = F05472D621124068001E775C /* Build configuration list for PBXNativeTarget "mtkTest" */;
			buildPhases = (
				F05472C021124062001E775C /* Sources */,
				F05472C121124062001E775C /* Frameworks */,
				F05472C221124062001E775C /* Resources */,
			);
			buildRules = (
			);
			dependencies = (
			);
			name = mtkTest;
			productName = mtkTest;
			productReference = F05472C421124062001E775C /* mtkTest.app */;
			productType = "com.apple.product-type.application";
		};
/* End PBXNativeTarget section */

/* Begin PBXProject section */
		F05472BC21124062001E775C /* Project object */ = {
			isa = PBXProject;
			attributes = {
				LastSwiftUpdateCheck = 1000;
				LastUpgradeCheck = 1000;
				ORGANIZATIONNAME = "Adam Ferriss";
				TargetAttributes = {
					F05472C321124062001E775C = {
						CreatedOnToolsVersion = 10.0;
					};
				};
			};
			buildConfigurationList = F05472BF21124062001E775C /* Build configuration list for PBXProject "mtkTest" */;
			compatibilityVersion = "Xcode 9.3";
			developmentRegion = en;
			hasScannedForEncodings = 0;
			knownRegions = (
				en,
				Base,
			);
			mainGroup = F05472BB21124062001E775C;
			productRefGroup = F05472C521124062001E775C /* Products */;
			projectDirPath = "";
			projectRoot = "";
			targets = (
				F05472C321124062001E775C /* mtkTest */,
			);
		};
/* End PBXProject section */

/* Begin PBXResourcesBuildPhase section */
		F05472C221124062001E775C /* Resources */ = {
			isa = PBXResourcesBuildPhase;
			buildActionMask = 2147483647;
			files = (
				F05472D221124068001E775C /* LaunchScreen.storyboard in Resources */,
				F05472F521129046001E775C /* picture-frame.png in Resources */,
				F05472F92114E681001E775C /* mars.jpg in Resources */,
				F05472CF21124068001E775C /* Assets.xcassets in Resources */,
				F05472ED21127112001E775C /* matador2015.jpg in Resources */,
				F05472F121127BE0001E775C /* matador.png in Resources */,
				F05472F421129046001E775C /* picture-frame-mask.png in Resources */,
				F05472CD21124062001E775C /* Main.storyboard in Resources */,
			);
			runOnlyForDeploymentPostprocessing = 0;
		};
/* End PBXResourcesBuildPhase section */

/* Begin PBXSourcesBuildPhase section */
		F05472C021124062001E775C /* Sources */ = {
			isa = PBXSourcesBuildPhase;
			buildActionMask = 2147483647;
			files = (
				F05472DC211249CB001E775C /* shader.metal in Sources */,
				F05472DE21125816001E775C /* Node.swift in Sources */,
				F05472E421125D05001E775C /* GameScene.swift in Sources */,
				F05472EA21126819001E775C /* Renderable.swift in Sources */,
				F05472DA21124360001E775C /* Renderer.swift in Sources */,
				F05472CA21124062001E775C /* ViewController.swift in Sources */,
				F05472F721129537001E775C /* MatrixMath.swift in Sources */,
				F05472E221125C98001E775C /* Scene.swift in Sources */,
				F05472E8211262C0001E775C /* Types.swift in Sources */,
				F05472E021125902001E775C /* Plane.swift in Sources */,
				F05472EF21127140001E775C /* Texturable.swift in Sources */,
				F05472C821124062001E775C /* AppDelegate.swift in Sources */,
			);
			runOnlyForDeploymentPostprocessing = 0;
		};
/* End PBXSourcesBuildPhase section */

/* Begin PBXVariantGroup section */
		F05472CB21124062001E775C /* Main.storyboard */ = {
			isa = PBXVariantGroup;
			children = (
				F05472CC21124062001E775C /* Base */,
			);
			name = Main.storyboard;
			sourceTree = "<group>";
		};
		F05472D021124068001E775C /* LaunchScreen.storyboard */ = {
			isa = PBXVariantGroup;
			children = (
				F05472D121124068001E775C /* Base */,
			);
			name = LaunchScreen.storyboard;
			sourceTree = "<group>";
		};
/* End PBXVariantGroup section */

/* Begin XCBuildConfiguration section */
		F05472D421124068001E775C /* Debug */ = {
			isa = XCBuildConfiguration;
			buildSettings = {
				ALWAYS_SEARCH_USER_PATHS = NO;
				CLANG_ANALYZER_NONNULL = YES;
				CLANG_ANALYZER_NUMBER_OBJECT_CONVERSION = YES_AGGRESSIVE;
				CLANG_CXX_LANGUAGE_STANDARD = "gnu++14";
				CLANG_CXX_LIBRARY = "libc++";
				CLANG_ENABLE_MODULES = YES;
				CLANG_ENABLE_OBJC_ARC = YES;
				CLANG_ENABLE_OBJC_WEAK = YES;
				CLANG_WARN_BLOCK_CAPTURE_AUTORELEASING = YES;
				CLANG_WARN_BOOL_CONVERSION = YES;
				CLANG_WARN_COMMA = YES;
				CLANG_WARN_CONSTANT_CONVERSION = YES;
				CLANG_WARN_DEPRECATED_OBJC_IMPLEMENTATIONS = YES;
				CLANG_WARN_DIRECT_OBJC_ISA_USAGE = YES_ERROR;
				CLANG_WARN_DOCUMENTATION_COMMENTS = YES;
				CLANG_WARN_EMPTY_BODY = YES;
				CLANG_WARN_ENUM_CONVERSION = YES;
				CLANG_WARN_INFINITE_RECURSION = YES;
				CLANG_WARN_INT_CONVERSION = YES;
				CLANG_WARN_NON_LITERAL_NULL_CONVERSION = YES;
				CLANG_WARN_OBJC_IMPLICIT_RETAIN_SELF = YES;
				CLANG_WARN_OBJC_LITERAL_CONVERSION = YES;
				CLANG_WARN_OBJC_ROOT_CLASS = YES_ERROR;
				CLANG_WARN_RANGE_LOOP_ANALYSIS = YES;
				CLANG_WARN_STRICT_PROTOTYPES = YES;
				CLANG_WARN_SUSPICIOUS_MOVE = YES;
				CLANG_WARN_UNGUARDED_AVAILABILITY = YES_AGGRESSIVE;
				CLANG_WARN_UNREACHABLE_CODE = YES;
				CLANG_WARN__DUPLICATE_METHOD_MATCH = YES;
				CODE_SIGN_IDENTITY = "iPhone Developer";
				COPY_PHASE_STRIP = NO;
				DEBUG_INFORMATION_FORMAT = dwarf;
				ENABLE_STRICT_OBJC_MSGSEND = YES;
				ENABLE_TESTABILITY = YES;
				GCC_C_LANGUAGE_STANDARD = gnu11;
				GCC_DYNAMIC_NO_PIC = NO;
				GCC_NO_COMMON_BLOCKS = YES;
				GCC_OPTIMIZATION_LEVEL = 0;
				GCC_PREPROCESSOR_DEFINITIONS = (
					"DEBUG=1",
					"$(inherited)",
				);
				GCC_WARN_64_TO_32_BIT_CONVERSION = YES;
				GCC_WARN_ABOUT_RETURN_TYPE = YES_ERROR;
				GCC_WARN_UNDECLARED_SELECTOR = YES;
				GCC_WARN_UNINITIALIZED_AUTOS = YES_AGGRESSIVE;
				GCC_WARN_UNUSED_FUNCTION = YES;
				GCC_WARN_UNUSED_VARIABLE = YES;
				IPHONEOS_DEPLOYMENT_TARGET = 12.0;
				MTL_ENABLE_DEBUG_INFO = INCLUDE_SOURCE;
				ONLY_ACTIVE_ARCH = YES;
				SDKROOT = iphoneos;
				SWIFT_ACTIVE_COMPILATION_CONDITIONS = DEBUG;
				SWIFT_OPTIMIZATION_LEVEL = "-Onone";
			};
			name = Debug;
		};
		F05472D521124068001E775C /* Release */ = {
			isa = XCBuildConfiguration;
			buildSettings = {
				ALWAYS_SEARCH_USER_PATHS = NO;
				CLANG_ANALYZER_NONNULL = YES;
				CLANG_ANALYZER_NUMBER_OBJECT_CONVERSION = YES_AGGRESSIVE;
				CLANG_CXX_LANGUAGE_STANDARD = "gnu++14";
				CLANG_CXX_LIBRARY = "libc++";
				CLANG_ENABLE_MODULES = YES;
				CLANG_ENABLE_OBJC_ARC = YES;
				CLANG_ENABLE_OBJC_WEAK = YES;
				CLANG_WARN_BLOCK_CAPTURE_AUTORELEASING = YES;
				CLANG_WARN_BOOL_CONVERSION = YES;
				CLANG_WARN_COMMA = YES;
				CLANG_WARN_CONSTANT_CONVERSION = YES;
				CLANG_WARN_DEPRECATED_OBJC_IMPLEMENTATIONS = YES;
				CLANG_WARN_DIRECT_OBJC_ISA_USAGE = YES_ERROR;
				CLANG_WARN_DOCUMENTATION_COMMENTS = YES;
				CLANG_WARN_EMPTY_BODY = YES;
				CLANG_WARN_ENUM_CONVERSION = YES;
				CLANG_WARN_INFINITE_RECURSION = YES;
				CLANG_WARN_INT_CONVERSION = YES;
				CLANG_WARN_NON_LITERAL_NULL_CONVERSION = YES;
				CLANG_WARN_OBJC_IMPLICIT_RETAIN_SELF = YES;
				CLANG_WARN_OBJC_LITERAL_CONVERSION = YES;
				CLANG_WARN_OBJC_ROOT_CLASS = YES_ERROR;
				CLANG_WARN_RANGE_LOOP_ANALYSIS = YES;
				CLANG_WARN_STRICT_PROTOTYPES = YES;
				CLANG_WARN_SUSPICIOUS_MOVE = YES;
				CLANG_WARN_UNGUARDED_AVAILABILITY = YES_AGGRESSIVE;
				CLANG_WARN_UNREACHABLE_CODE = YES;
				CLANG_WARN__DUPLICATE_METHOD_MATCH = YES;
				CODE_SIGN_IDENTITY = "iPhone Developer";
				COPY_PHASE_STRIP = NO;
				DEBUG_INFORMATION_FORMAT = "dwarf-with-dsym";
				ENABLE_NS_ASSERTIONS = NO;
				ENABLE_STRICT_OBJC_MSGSEND = YES;
				GCC_C_LANGUAGE_STANDARD = gnu11;
				GCC_NO_COMMON_BLOCKS = YES;
				GCC_WARN_64_TO_32_BIT_CONVERSION = YES;
				GCC_WARN_ABOUT_RETURN_TYPE = YES_ERROR;
				GCC_WARN_UNDECLARED_SELECTOR = YES;
				GCC_WARN_UNINITIALIZED_AUTOS = YES_AGGRESSIVE;
				GCC_WARN_UNUSED_FUNCTION = YES;
				GCC_WARN_UNUSED_VARIABLE = YES;
				IPHONEOS_DEPLOYMENT_TARGET = 12.0;
				MTL_ENABLE_DEBUG_INFO = NO;
				SDKROOT = iphoneos;
				SWIFT_COMPILATION_MODE = wholemodule;
				SWIFT_OPTIMIZATION_LEVEL = "-O";
				VALIDATE_PRODUCT = YES;
			};
			name = Release;
		};
		F05472D721124068001E775C /* Debug */ = {
			isa = XCBuildConfiguration;
			buildSettings = {
				ASSETCATALOG_COMPILER_APPICON_NAME = AppIcon;
				CODE_SIGN_STYLE = Automatic;
				DEVELOPMENT_TEAM = 2A8UZ6XF9N;
				INFOPLIST_FILE = mtkTest/Info.plist;
				LD_RUNPATH_SEARCH_PATHS = (
					"$(inherited)",
					"@executable_path/Frameworks",
				);
				PRODUCT_BUNDLE_IDENTIFIER = test.mtkTest;
				PRODUCT_NAME = "$(TARGET_NAME)";
				SWIFT_VERSION = 4.2;
				TARGETED_DEVICE_FAMILY = "1,2";
			};
			name = Debug;
		};
		F05472D821124068001E775C /* Release */ = {
			isa = XCBuildConfiguration;
			buildSettings = {
				ASSETCATALOG_COMPILER_APPICON_NAME = AppIcon;
				CODE_SIGN_STYLE = Automatic;
				DEVELOPMENT_TEAM = 2A8UZ6XF9N;
				INFOPLIST_FILE = mtkTest/Info.plist;
				LD_RUNPATH_SEARCH_PATHS = (
					"$(inherited)",
					"@executable_path/Frameworks",
				);
				PRODUCT_BUNDLE_IDENTIFIER = test.mtkTest;
				PRODUCT_NAME = "$(TARGET_NAME)";
				SWIFT_VERSION = 4.2;
				TARGETED_DEVICE_FAMILY = "1,2";
			};
			name = Release;
		};
/* End XCBuildConfiguration section */

/* Begin XCConfigurationList section */
		F05472BF21124062001E775C /* Build configuration list for PBXProject "mtkTest" */ = {
			isa = XCConfigurationList;
			buildConfigurations = (
				F05472D421124068001E775C /* Debug */,
				F05472D521124068001E775C /* Release */,
			);
			defaultConfigurationIsVisible = 0;
			defaultConfigurationName = Release;
		};
		F05472D621124068001E775C /* Build configuration list for PBXNativeTarget "mtkTest" */ = {
			isa = XCConfigurationList;
			buildConfigurations = (
				F05472D721124068001E775C /* Debug */,
				F05472D821124068001E775C /* Release */,
			);
			defaultConfigurationIsVisible = 0;
			defaultConfigurationName = Release;
		};
/* End XCConfigurationList section */
	};
	rootObject = F05472BC21124062001E775C /* Project object */;
}
